
Microsoft Visual Studio Solution File, Format Version 12.00
# Visual Studio Version 16
VisualStudioVersion = 16.0.29311.281
MinimumVisualStudioVersion = 10.0.40219.1
Project("{FAE04EC0-301F-11D3-BF4B-00C04F79EFBC}") = "BlazorLeaflet", "BlazorLeaflet\BlazorLeaflet.csproj", "{492F5055-CDFC-44C7-9997-7BEA9FF41C08}"
EndProject
Project("{FAE04EC0-301F-11D3-BF4B-00C04F79EFBC}") = "BlazorLeaflet.Samples", "BlazorLeaflet.Samples\BlazorLeaflet.Samples.csproj", "{ACEF0CBD-C2DE-4BE8-8DDA-C6D8C0F5736D}"
EndProject
Global
	GlobalSection(SolutionConfigurationPlatforms) = preSolution
		Debug|Any CPU = Debug|Any CPU
		Release|Any CPU = Release|Any CPU
	EndGlobalSection
	GlobalSection(ProjectConfigurationPlatforms) = postSolution
		{492F5055-CDFC-44C7-9997-7BEA9FF41C08}.Debug|Any CPU.ActiveCfg = Debug|Any CPU
		{492F5055-CDFC-44C7-9997-7BEA9FF41C08}.Debug|Any CPU.Build.0 = Debug|Any CPU
		{492F5055-CDFC-44C7-9997-7BEA9FF41C08}.Release|Any CPU.ActiveCfg = Release|Any CPU
		{492F5055-CDFC-44C7-9997-7BEA9FF41C08}.Release|Any CPU.Build.0 = Release|Any CPU
		{ACEF0CBD-C2DE-4BE8-8DDA-C6D8C0F5736D}.Debug|Any CPU.ActiveCfg = Debug|Any CPU
		{ACEF0CBD-C2DE-4BE8-8DDA-C6D8C0F5736D}.Debug|Any CPU.Build.0 = Debug|Any CPU
		{ACEF0CBD-C2DE-4BE8-8DDA-C6D8C0F5736D}.Release|Any CPU.ActiveCfg = Release|Any CPU
		{ACEF0CBD-C2DE-4BE8-8DDA-C6D8C0F5736D}.Release|Any CPU.Build.0 = Release|Any CPU
	EndGlobalSection
	GlobalSection(SolutionProperties) = preSolution
		HideSolutionNode = FALSE
	EndGlobalSection
	GlobalSection(ExtensibilityGlobals) = postSolution
		SolutionGuid = {25793D1A-41C7-4799-96BF-C43E0DFF8D2A}
	EndGlobalSection
EndGlobal
